{
  "name": "@awesome-algorand/toolkit",
  "lockfileVersion": 3,
  "requires": true,
  "packages": {
    "": {
      "name": "@awesome-algorand/toolkit",
      "license": "Unlicense",
      "workspaces": [
        "packages/*"
      ]
    },
    "node_modules/@awesome-algorand/nfd-fetch": {
      "resolved": "packages/nfd-fetch",
      "link": true
    },
    "node_modules/@hey-api/client-fetch": {
      "version": "0.7.2",
      "resolved": "https://registry.npmjs.org/@hey-api/client-fetch/-/client-fetch-0.7.2.tgz",
      "integrity": "sha512-4H9HohKQsAZnopV6cyAUuJOIYKMHi0WBaF+GJ7WZ45Tm3zubREe7pQAjaLlg8hHgjASHOOXU93ZqcgSn29sB7w==",
      "dev": true,
      "license": "MIT",
      "funding": {
        "url": "https://github.com/sponsors/hey-api"
      }
    },
    "node_modules/typescript": {
      "version": "5.7.3",
      "resolved": "https://registry.npmjs.org/typescript/-/typescript-5.7.3.tgz",
      "integrity": "sha512-84MVSjMEHP+FQRPy3pX9sTVV/INIex71s9TL2Gm5FG/WG1SqXeKyZ0k7/blY/4FdOzI12CBy1vGc4og/eus0fw==",
      "dev": true,
      "license": "Apache-2.0",
      "bin": {
        "tsc": "bin/tsc",
        "tsserver": "bin/tsserver"
      },
      "engines": {
        "node": ">=14.17"
      }
    },
    "packages/nfd-fetch": {
      "name": "@awesome-algorand/nfd-fetch",
      "version": "0.0.1-experimental",
      "license": "Unlicense",
      "devDependencies": {
        "@hey-api/client-fetch": "^0.7.2",
        "typescript": "^5.7.3"
      },
      "peerDependencies": {
        "@hey-api/client-fetch": "^0.7.2"
      }
    }
  }
}
